<?xml version="1.0" encoding="utf-8"?>
<Project ToolsVersion="4.0" xmlns="http://schemas.microsoft.com/developer/msbuild/2003">
  <ItemGroup>
    <Filter Include="CoreSystems">
      <UniqueIdentifier>{5d5d80ea-9c91-408b-8d66-f00167717332}</UniqueIdentifier>
    </Filter>
    <Filter Include="CoreSystems\Window">
      <UniqueIdentifier>{7add5dd5-0225-44ce-8cb9-89d0b109142d}</UniqueIdentifier>
    </Filter>
    <Filter Include="CoreSystems\ControlModule">
      <UniqueIdentifier>{936fca79-7714-4200-9772-1f8820994544}</UniqueIdentifier>
    </Filter>
    <Filter Include="LowLevelRenderModule">
      <UniqueIdentifier>{1385ccea-053e-4466-ad99-5a1da45d15c9}</UniqueIdentifier>
    </Filter>
    <Filter Include="LowLevelRenderModule\Renderer">
      <UniqueIdentifier>{d664cc14-c477-47b1-a0f5-087a15d827fd}</UniqueIdentifier>
    </Filter>
    <Filter Include="LowLevelRenderModule\SwapChain">
      <UniqueIdentifier>{9c5157ba-e0de-44d6-bded-215de0d98a21}</UniqueIdentifier>
    </Filter>
    <Filter Include="CoreSystems\DeviceManager">
      <UniqueIdentifier>{aa59513d-914b-466c-a070-5d6d22af8603}</UniqueIdentifier>
    </Filter>
    <Filter Include="LowLevelRenderModule\DeviceContext">
      <UniqueIdentifier>{87f28bfc-b5de-4a80-9249-d7ca238a24e8}</UniqueIdentifier>
    </Filter>
    <Filter Include="Interfaces">
      <UniqueIdentifier>{9497aa94-c35d-452a-8714-9f8b1e8b6a34}</UniqueIdentifier>
    </Filter>
    <Filter Include="LowLevelRenderModule\Shaders">
      <UniqueIdentifier>{9f18855e-01e9-4163-964c-2004ebbce4b3}</UniqueIdentifier>
    </Filter>
    <Filter Include="LowLevelRenderModule\Shaders\VertexShader">
      <UniqueIdentifier>{7c091315-5a4c-4554-b1b7-54afc37349e7}</UniqueIdentifier>
    </Filter>
    <Filter Include="LowLevelRenderModule\Shaders\PixelShader">
      <UniqueIdentifier>{6984050b-3cf1-408f-be7c-a82f379f0348}</UniqueIdentifier>
    </Filter>
    <Filter Include="MathLibrary">
      <UniqueIdentifier>{6d817659-2d80-4b04-8e9c-50ad9f9f32e4}</UniqueIdentifier>
    </Filter>
    <Filter Include="InputSystem">
      <UniqueIdentifier>{2fa2a8be-1821-4256-9dbd-9364a218c11c}</UniqueIdentifier>
    </Filter>
    <Filter Include="ResourceManagerModule">
      <UniqueIdentifier>{5be642d9-ce90-4f84-92be-16340660c647}</UniqueIdentifier>
    </Filter>
    <Filter Include="ResourceManagerModule\Texture">
      <UniqueIdentifier>{9c20b38f-08e9-446b-9081-f2ccf0c35f4e}</UniqueIdentifier>
    </Filter>
    <Filter Include="ResourceManagerModule\Mesh">
      <UniqueIdentifier>{0bc8ac4b-85dd-444d-bc1c-7e7f0b7fdd1b}</UniqueIdentifier>
    </Filter>
    <Filter Include="MemoryBuffers">
      <UniqueIdentifier>{25d49a97-1c13-47cd-a7d5-a7f3e14efd0c}</UniqueIdentifier>
    </Filter>
    <Filter Include="MemoryBuffers\ConstantBuffer">
      <UniqueIdentifier>{157cde6b-ad21-4b40-9086-e3870b502c3e}</UniqueIdentifier>
    </Filter>
    <Filter Include="MemoryBuffers\IndexBuffer">
      <UniqueIdentifier>{a881b2e6-e68b-4560-899d-60a511dae93f}</UniqueIdentifier>
    </Filter>
    <Filter Include="MemoryBuffers\VertexBuffer">
      <UniqueIdentifier>{73bf97dc-db4b-41c0-84ff-0b91f7460b02}</UniqueIdentifier>
    </Filter>
    <Filter Include="ResourceManagerModule\Material">
      <UniqueIdentifier>{a5edcffe-696b-4c8e-9b5c-43084874cb52}</UniqueIdentifier>
    </Filter>
    <Filter Include="LowLevelRenderModule\Shaders\ShaderManager">
      <UniqueIdentifier>{6d39aab2-deb9-4735-a42a-37f0ad4f8554}</UniqueIdentifier>
    </Filter>
  </ItemGroup>
  <ItemGroup>
    <ClCompile Include="App/main.cpp" />
    <ClCompile Include="CoreSystems/Window/Window.cpp">
      <Filter>CoreSystems\Window</Filter>
    </ClCompile>
    <ClCompile Include="CoreSystems/ControlModule/Controller.cpp">
      <Filter>CoreSystems\ControlModule</Filter>
    </ClCompile>
    <ClCompile Include="CoreSystems/DeviceManager/DeviceManager.cpp">
      <Filter>CoreSystems\DeviceManager</Filter>
    </ClCompile>
    <ClCompile Include="LowLevelRenderModule/Renderer/Renderer.cpp">
      <Filter>LowLevelRenderModule\Renderer</Filter>
    </ClCompile>
    <ClCompile Include="LowLevelRenderModule/SwapChain/SwapChain.cpp">
      <Filter>LowLevelRenderModule\SwapChain</Filter>
    </ClCompile>
    <ClCompile Include="LowLevelRenderModule/DeviceContext/DeviceContext.cpp">
      <Filter>LowLevelRenderModule\DeviceContext</Filter>
    </ClCompile>
    <ClCompile Include="LowLevelRenderModule/Shaders/VertexShader/VertexShader.cpp">
      <Filter>LowLevelRenderModule\Shaders\VertexShader</Filter>
    </ClCompile>
    <ClCompile Include="LowLevelRenderModule/Shaders/PixelShader/PixelShader.cpp">
      <Filter>LowLevelRenderModule\Shaders\PixelShader</Filter>
    </ClCompile>
    <ClCompile Include="InputSystem\InputSystem.cpp">
      <Filter>InputSystem</Filter>
    </ClCompile>
    <ClCompile Include="ResourceManagerModule\Resource.cpp">
      <Filter>ResourceManagerModule</Filter>
    </ClCompile>
    <ClCompile Include="ResourceManagerModule\ResourceManager.cpp">
      <Filter>ResourceManagerModule</Filter>
    </ClCompile>
    <ClCompile Include="ResourceManagerModule\Texture\Texture.cpp">
      <Filter>ResourceManagerModule\Texture</Filter>
    </ClCompile>
    <ClCompile Include="ResourceManagerModule\Texture\TextureManager.cpp">
      <Filter>ResourceManagerModule\Texture</Filter>
    </ClCompile>
    <ClCompile Include="ResourceManagerModule\ResourceGenerator.cpp">
      <Filter>ResourceManagerModule</Filter>
    </ClCompile>
    <ClCompile Include="ResourceManagerModule\Mesh\MeshManager.cpp">
      <Filter>ResourceManagerModule\Mesh</Filter>
    </ClCompile>
    <ClCompile Include="ResourceManagerModule\Mesh\Mesh.cpp">
      <Filter>ResourceManagerModule\Mesh</Filter>
    </ClCompile>
    <ClCompile Include="MemoryBuffers/ConstantBuffer/ConstantBuffer.cpp">
      <Filter>MemoryBuffers\ConstantBuffer</Filter>
    </ClCompile>
    <ClCompile Include="MemoryBuffers\IndexBuffer\IndexBuffer.cpp">
      <Filter>MemoryBuffers\IndexBuffer</Filter>
    </ClCompile>
    <ClCompile Include="MemoryBuffers/VertexBuffer/VertexBuffer.cpp">
      <Filter>MemoryBuffers\VertexBuffer</Filter>
    </ClCompile>
    <ClCompile Include="ResourceManagerModule\Material\Material.cpp">
      <Filter>ResourceManagerModule\Material</Filter>
    </ClCompile>
    <ClCompile Include="LowLevelRenderModule\Shaders\ShaderManager\ShaderManager.cpp">
      <Filter>LowLevelRenderModule\Shaders\ShaderManager</Filter>
    </ClCompile>
  </ItemGroup>
  <ItemGroup>
    <ClInclude Include="CoreSystems/Window/Window.h">
      <Filter>CoreSystems\Window</Filter>
    </ClInclude>
    <ClInclude Include="CoreSystems/ControlModule/Controller.h">
      <Filter>CoreSystems\ControlModule</Filter>
    </ClInclude>
    <ClInclude Include="CoreSystems/DeviceManager/DeviceManager.h">
      <Filter>CoreSystems\DeviceManager</Filter>
    </ClInclude>
    <ClInclude Include="LowLevelRenderModule/Renderer/Renderer.h">
      <Filter>LowLevelRenderModule\Renderer</Filter>
    </ClInclude>
    <ClInclude Include="LowLevelRenderModule/SwapChain/SwapChain.h">
      <Filter>LowLevelRenderModule\SwapChain</Filter>
    </ClInclude>
    <ClInclude Include="LowLevelRenderModule/DeviceContext/DeviceContext.h">
      <Filter>LowLevelRenderModule\DeviceContext</Filter>
    </ClInclude>
    <ClInclude Include="LowLevelRenderModule/Shaders/VertexShader/VertexShader.h">
      <Filter>LowLevelRenderModule\Shaders\VertexShader</Filter>
    </ClInclude>
    <ClInclude Include="LowLevelRenderModule/Shaders/PixelShader/PixelShader.h">
      <Filter>LowLevelRenderModule\Shaders\PixelShader</Filter>
    </ClInclude>
    <ClInclude Include="MathLibrary\Vector3D.h">
      <Filter>MathLibrary</Filter>
    </ClInclude>
    <ClInclude Include="MathLibrary\Matrix4x4.h">
      <Filter>MathLibrary</Filter>
    </ClInclude>
    <ClInclude Include="MathLibrary\IMatrix.h">
      <Filter>MathLibrary</Filter>
    </ClInclude>
    <ClInclude Include="MathLibrary\IVector.h">
      <Filter>MathLibrary</Filter>
    </ClInclude>
    <ClInclude Include="InputSystem\InputSystem.h">
      <Filter>InputSystem</Filter>
    </ClInclude>
    <ClInclude Include="Interfaces\InputListener.h">
      <Filter>Interfaces</Filter>
    </ClInclude>
    <ClInclude Include="MathLibrary\Point.h">
      <Filter>MathLibrary</Filter>
    </ClInclude>
    <ClInclude Include="MathLibrary\Vector4D.h">
      <Filter>MathLibrary</Filter>
    </ClInclude>
    <ClInclude Include="ResourceManagerModule\Resource.h">
      <Filter>ResourceManagerModule</Filter>
    </ClInclude>
    <ClInclude Include="ResourceManagerModule\ResourceManager.h">
      <Filter>ResourceManagerModule</Filter>
    </ClInclude>
    <ClInclude Include="ResourceManagerModule\Texture\Texture.h">
      <Filter>ResourceManagerModule\Texture</Filter>
    </ClInclude>
    <ClInclude Include="ResourceManagerModule\Texture\TextureManager.h">
      <Filter>ResourceManagerModule\Texture</Filter>
    </ClInclude>
    <ClInclude Include="ResourceManagerModule\Include.h">
      <Filter>ResourceManagerModule</Filter>
    </ClInclude>
    <ClInclude Include="ResourceManagerModule\ResourceGenerator.h">
      <Filter>ResourceManagerModule</Filter>
    </ClInclude>
    <ClInclude Include="MathLibrary\Vector2D.h">
      <Filter>MathLibrary</Filter>
    </ClInclude>
    <ClInclude Include="ResourceManagerModule\Mesh\MeshManager.h">
      <Filter>ResourceManagerModule\Mesh</Filter>
    </ClInclude>
    <ClInclude Include="ResourceManagerModule\Mesh\Mesh.h">
      <Filter>ResourceManagerModule\Mesh</Filter>
    </ClInclude>
    <ClInclude Include="MathLibrary\VertexMesh.h">
      <Filter>MathLibrary</Filter>
    </ClInclude>
    <ClInclude Include="MemoryBuffers/ConstantBuffer/ConstantBuffer.h">
      <Filter>MemoryBuffers\ConstantBuffer</Filter>
    </ClInclude>
    <ClInclude Include="MemoryBuffers\IndexBuffer\IndexBuffer.h">
      <Filter>MemoryBuffers\IndexBuffer</Filter>
    </ClInclude>
    <ClInclude Include="MemoryBuffers/VertexBuffer/VertexBuffer.h">
      <Filter>MemoryBuffers\VertexBuffer</Filter>
    </ClInclude>
    <ClInclude Include="MemoryBuffers\MemoryBufferLib.h">
      <Filter>MemoryBuffers</Filter>
    </ClInclude>
    <ClInclude Include="LowLevelRenderModule\RenderSystemLib.h">
      <Filter>LowLevelRenderModule</Filter>
    </ClInclude>
    <ClInclude Include="LowLevelRenderModule\Shaders\ShadersLib.h">
      <Filter>LowLevelRenderModule\Shaders</Filter>
    </ClInclude>
    <ClInclude Include="ResourceManagerModule\Material\Material.h">
      <Filter>ResourceManagerModule\Material</Filter>
    </ClInclude>
    <ClInclude Include="LowLevelRenderModule\Shaders\ShaderManager\ShaderManager.h">
      <Filter>LowLevelRenderModule\Shaders\ShaderManager</Filter>
    </ClInclude>
    <ClInclude Include="ResourceManagerModule\Defines.h">
      <Filter>ResourceManagerModule</Filter>
    </ClInclude>
  </ItemGroup>
  <ItemGroup>
    <FxCompile Include="VertexShader.hlsl" />
    <FxCompile Include="PixelShader.hlsl" />
    <FxCompile Include="VertexMeshLayoutShader.hlsl" />
    <FxCompile Include="EnvPixelShader.hlsl" />
  </ItemGroup>
</Project>